
Microsoft Visual Studio Solution File, Format Version 12.00
# Visual Studio 15
VisualStudioVersion = 15.0.28307.489
MinimumVisualStudioVersion = 10.0.40219.1
Project("{9A19103F-16F7-4668-BE54-9A1E7A4F7556}") = "BotAuthenticationMSGraph", "..\csharp_dotnetcore\24.bot-authentication-msgraph\BotAuthenticationMSGraph.csproj", "{D9884C17-F64F-439F-8B29-3471B9F8E3B2}"
EndProject
Global
	GlobalSection(SolutionConfigurationPlatforms) = preSolution
		Debug|Any CPU = Debug|Any CPU
		Release|Any CPU = Release|Any CPU
	EndGlobalSection
	GlobalSection(ProjectConfigurationPlatforms) = postSolution
		{D9884C17-F64F-439F-8B29-3471B9F8E3B2}.Debug|Any CPU.ActiveCfg = Debug|Any CPU
		{D9884C17-F64F-439F-8B29-3471B9F8E3B2}.Debug|Any CPU.Build.0 = Debug|Any CPU
		{D9884C17-F64F-439F-8B29-3471B9F8E3B2}.Release|Any CPU.ActiveCfg = Release|Any CPU
		{D9884C17-F64F-439F-8B29-3471B9F8E3B2}.Release|Any CPU.Build.0 = Release|Any CPU
	EndGlobalSection
	GlobalSection(SolutionProperties) = preSolution
		HideSolutionNode = FALSE
	EndGlobalSection
	GlobalSection(ExtensibilityGlobals) = postSolution
		SolutionGuid = {695E3E06-0A91-488C-BC16-866B3E74F299}
	EndGlobalSection
EndGlobal
